
Microsoft Visual Studio Solution File, Format Version 12.00
# Visual Studio Version 17
VisualStudioVersion = 17.2.32616.157
MinimumVisualStudioVersion = 10.0.40219.1
Project("{9A19103F-16F7-4668-BE54-9A1E7A4F7556}") = "TvShowWebApi", "TvShowWebApi\TvShowWebApi.csproj", "{BE4E0A8C-B7CC-4A28-B8A8-12F93C4AE2ED}"
EndProject
Project("{2150E333-8FDC-42A3-9474-1A3956D46DE8}") = "1 - WebApi", "1 - WebApi", "{FD422970-D9DD-4178-9B5B-EAD7A4B0D103}"
EndProject
Project("{2150E333-8FDC-42A3-9474-1A3956D46DE8}") = "2 - Application", "2 - Application", "{582C900D-1DA9-474D-9980-12EECFAD5D2F}"
EndProject
Project("{2150E333-8FDC-42A3-9474-1A3956D46DE8}") = "3 - Domain", "3 - Domain", "{3099FB26-64C9-41D2-A3FF-0175DE4E2B7F}"
EndProject
Project("{2150E333-8FDC-42A3-9474-1A3956D46DE8}") = "4 - infrastructure", "4 - infrastructure", "{F94BA022-4940-43C0-8323-CE3FD94259F3}"
EndProject
Project("{2150E333-8FDC-42A3-9474-1A3956D46DE8}") = "5 - Entity", "5 - Entity", "{C423A2C3-0683-4C28-B03B-A690EF1530A3}"
EndProject
Project("{9A19103F-16F7-4668-BE54-9A1E7A4F7556}") = "Application", "Aplication\Application.csproj", "{CFCCD50C-B9C3-4053-9D68-3BE1B181E3CB}"
EndProject
Project("{9A19103F-16F7-4668-BE54-9A1E7A4F7556}") = "Domain", "Domain\Domain.csproj", "{C66397CA-7354-4845-96BC-44349DBA3E49}"
EndProject
Project("{9A19103F-16F7-4668-BE54-9A1E7A4F7556}") = "Infrastructure", "Infrastructure\Infrastructure.csproj", "{8D29A960-17B2-468B-9CAF-739C2B5746CD}"
EndProject
Project("{9A19103F-16F7-4668-BE54-9A1E7A4F7556}") = "Entity", "Entity\Entity.csproj", "{F8F06E73-45D2-4551-9D0D-AB41A2DC23D9}"
EndProject
Project("{2150E333-8FDC-42A3-9474-1A3956D46DE8}") = "6 - Worker", "6 - Worker", "{D5AA5B95-FC48-43E7-91AE-FC8B52E25688}"
EndProject
Project("{2150E333-8FDC-42A3-9474-1A3956D46DE8}") = "8 - Tests", "8 - Tests", "{4976F0A8-4367-45E2-97AC-F7F3CDA7D1AA}"
EndProject
Project("{9A19103F-16F7-4668-BE54-9A1E7A4F7556}") = "WorkerService", "WorkerService\WorkerService.csproj", "{8486BB73-EB87-43EA-AFE3-481D992FB301}"
EndProject
Project("{2150E333-8FDC-42A3-9474-1A3956D46DE8}") = "7 - Models", "7 - Models", "{E22416EF-FF2F-4C1C-ABF3-39207EAF0C30}"
EndProject
Project("{9A19103F-16F7-4668-BE54-9A1E7A4F7556}") = "Models", "Models\Models.csproj", "{D73FAA2C-D0E4-44CC-8E73-41A0A2BC63A3}"
EndProject
Project("{FAE04EC0-301F-11D3-BF4B-00C04F79EFBC}") = "TvShowTest", "TvShowTest\TvShowTest.csproj", "{FCF3B283-7FEA-4BEE-8B87-BAAA192DEBD9}"
EndProject
Global
	GlobalSection(SolutionConfigurationPlatforms) = preSolution
		Debug|Any CPU = Debug|Any CPU
		Release|Any CPU = Release|Any CPU
	EndGlobalSection
	GlobalSection(ProjectConfigurationPlatforms) = postSolution
		{BE4E0A8C-B7CC-4A28-B8A8-12F93C4AE2ED}.Debug|Any CPU.ActiveCfg = Debug|Any CPU
		{BE4E0A8C-B7CC-4A28-B8A8-12F93C4AE2ED}.Debug|Any CPU.Build.0 = Debug|Any CPU
		{BE4E0A8C-B7CC-4A28-B8A8-12F93C4AE2ED}.Release|Any CPU.ActiveCfg = Release|Any CPU
		{BE4E0A8C-B7CC-4A28-B8A8-12F93C4AE2ED}.Release|Any CPU.Build.0 = Release|Any CPU
		{CFCCD50C-B9C3-4053-9D68-3BE1B181E3CB}.Debug|Any CPU.ActiveCfg = Debug|Any CPU
		{CFCCD50C-B9C3-4053-9D68-3BE1B181E3CB}.Debug|Any CPU.Build.0 = Debug|Any CPU
		{CFCCD50C-B9C3-4053-9D68-3BE1B181E3CB}.Release|Any CPU.ActiveCfg = Release|Any CPU
		{CFCCD50C-B9C3-4053-9D68-3BE1B181E3CB}.Release|Any CPU.Build.0 = Release|Any CPU
		{C66397CA-7354-4845-96BC-44349DBA3E49}.Debug|Any CPU.ActiveCfg = Debug|Any CPU
		{C66397CA-7354-4845-96BC-44349DBA3E49}.Debug|Any CPU.Build.0 = Debug|Any CPU
		{C66397CA-7354-4845-96BC-44349DBA3E49}.Release|Any CPU.ActiveCfg = Release|Any CPU
		{C66397CA-7354-4845-96BC-44349DBA3E49}.Release|Any CPU.Build.0 = Release|Any CPU
		{8D29A960-17B2-468B-9CAF-739C2B5746CD}.Debug|Any CPU.ActiveCfg = Debug|Any CPU
		{8D29A960-17B2-468B-9CAF-739C2B5746CD}.Debug|Any CPU.Build.0 = Debug|Any CPU
		{8D29A960-17B2-468B-9CAF-739C2B5746CD}.Release|Any CPU.ActiveCfg = Release|Any CPU
		{8D29A960-17B2-468B-9CAF-739C2B5746CD}.Release|Any CPU.Build.0 = Release|Any CPU
		{F8F06E73-45D2-4551-9D0D-AB41A2DC23D9}.Debug|Any CPU.ActiveCfg = Debug|Any CPU
		{F8F06E73-45D2-4551-9D0D-AB41A2DC23D9}.Debug|Any CPU.Build.0 = Debug|Any CPU
		{F8F06E73-45D2-4551-9D0D-AB41A2DC23D9}.Release|Any CPU.ActiveCfg = Release|Any CPU
		{F8F06E73-45D2-4551-9D0D-AB41A2DC23D9}.Release|Any CPU.Build.0 = Release|Any CPU
		{8486BB73-EB87-43EA-AFE3-481D992FB301}.Debug|Any CPU.ActiveCfg = Debug|Any CPU
		{8486BB73-EB87-43EA-AFE3-481D992FB301}.Debug|Any CPU.Build.0 = Debug|Any CPU
		{8486BB73-EB87-43EA-AFE3-481D992FB301}.Release|Any CPU.ActiveCfg = Release|Any CPU
		{8486BB73-EB87-43EA-AFE3-481D992FB301}.Release|Any CPU.Build.0 = Release|Any CPU
		{D73FAA2C-D0E4-44CC-8E73-41A0A2BC63A3}.Debug|Any CPU.ActiveCfg = Debug|Any CPU
		{D73FAA2C-D0E4-44CC-8E73-41A0A2BC63A3}.Debug|Any CPU.Build.0 = Debug|Any CPU
		{D73FAA2C-D0E4-44CC-8E73-41A0A2BC63A3}.Release|Any CPU.ActiveCfg = Release|Any CPU
		{D73FAA2C-D0E4-44CC-8E73-41A0A2BC63A3}.Release|Any CPU.Build.0 = Release|Any CPU
		{FCF3B283-7FEA-4BEE-8B87-BAAA192DEBD9}.Debug|Any CPU.ActiveCfg = Debug|Any CPU
		{FCF3B283-7FEA-4BEE-8B87-BAAA192DEBD9}.Debug|Any CPU.Build.0 = Debug|Any CPU
		{FCF3B283-7FEA-4BEE-8B87-BAAA192DEBD9}.Release|Any CPU.ActiveCfg = Release|Any CPU
		{FCF3B283-7FEA-4BEE-8B87-BAAA192DEBD9}.Release|Any CPU.Build.0 = Release|Any CPU
	EndGlobalSection
	GlobalSection(SolutionProperties) = preSolution
		HideSolutionNode = FALSE
	EndGlobalSection
	GlobalSection(NestedProjects) = preSolution
		{BE4E0A8C-B7CC-4A28-B8A8-12F93C4AE2ED} = {FD422970-D9DD-4178-9B5B-EAD7A4B0D103}
		{CFCCD50C-B9C3-4053-9D68-3BE1B181E3CB} = {582C900D-1DA9-474D-9980-12EECFAD5D2F}
		{C66397CA-7354-4845-96BC-44349DBA3E49} = {3099FB26-64C9-41D2-A3FF-0175DE4E2B7F}
		{8D29A960-17B2-468B-9CAF-739C2B5746CD} = {F94BA022-4940-43C0-8323-CE3FD94259F3}
		{F8F06E73-45D2-4551-9D0D-AB41A2DC23D9} = {C423A2C3-0683-4C28-B03B-A690EF1530A3}
		{8486BB73-EB87-43EA-AFE3-481D992FB301} = {D5AA5B95-FC48-43E7-91AE-FC8B52E25688}
		{D73FAA2C-D0E4-44CC-8E73-41A0A2BC63A3} = {E22416EF-FF2F-4C1C-ABF3-39207EAF0C30}
		{FCF3B283-7FEA-4BEE-8B87-BAAA192DEBD9} = {4976F0A8-4367-45E2-97AC-F7F3CDA7D1AA}
	EndGlobalSection
	GlobalSection(ExtensibilityGlobals) = postSolution
		SolutionGuid = {0692FD7E-9858-44A2-A1AF-3B685F111BB5}
	EndGlobalSection
EndGlobal
